
Microsoft Visual Studio Solution File, Format Version 12.00
# Visual Studio Version 17
VisualStudioVersion = 17.0.32014.148
MinimumVisualStudioVersion = 10.0.40219.1
Project("{8BC9CEB8-8B4A-11D0-8D11-00A0C91BC942}") = "TimeMenForLeepack", "TimeMenForLeepack\TimeMenForLeepack.vcxproj", "{C5F80730-F44F-4478-BDAE-6634EFC2CA88}"
EndProject
Project("{8BC9CEB8-8B4A-11D0-8D11-00A0C91BC942}") = "CounterATMega328", "CounterATMega328\CounterATMega328.vcxproj", "{40D16993-5E3E-4C11-952B-1759AF73025B}"
EndProject
Project("{8BC9CEB8-8B4A-11D0-8D11-00A0C91BC942}") = "leepackTester", "leepackTester\leepackTester.vcxproj", "{DDBFA2AB-B2F9-4628-9180-E2374F825A38}"
EndProject
Project("{8BC9CEB8-8B4A-11D0-8D11-00A0C91BC942}") = "ESPRealTimeMen", "ESPRealTimeMen\ESPRealTimeMen.vcxproj", "{091178B7-CEC2-4FCC-930B-4E815B56701C}"
EndProject
Project("{8BC9CEB8-8B4A-11D0-8D11-00A0C91BC942}") = "CounterNano", "..\..\..\..\OneDrive - KORM_ENZ\Документи\Arduino\CounterNano\CounterNano.vcxproj", "{77E27789-E25B-4092-8616-B9A334527355}"
EndProject
Project("{8BC9CEB8-8B4A-11D0-8D11-00A0C91BC942}") = "EspManualConecction", "EspManualConecction\EspManualConecction.vcxproj", "{7351265B-5E57-49A2-BD83-FA6F6067FC2E}"
EndProject
Project("{8BC9CEB8-8B4A-11D0-8D11-00A0C91BC942}") = "WifiManager", "WifiManager\WifiManager.vcxproj", "{26325B10-1300-427A-ACA9-60633B98963D}"
EndProject
Project("{8BC9CEB8-8B4A-11D0-8D11-00A0C91BC942}") = "pings", "..\..\..\..\OneDrive - KORM_ENZ\Документи\Arduino\My Examples\pings\pings.vcxproj", "{E15D363F-3F0B-4C59-962B-A80B5761AE3D}"
EndProject
Project("{8BC9CEB8-8B4A-11D0-8D11-00A0C91BC942}") = "EthernetShildRealTime", "EthernetShildRealTime\EthernetShildRealTime.vcxproj", "{3A6B6F23-77C2-4E61-BF49-6314004AA23E}"
EndProject
Project("{8BC9CEB8-8B4A-11D0-8D11-00A0C91BC942}") = "persistence", "..\..\..\..\OneDrive - KORM_ENZ\Документи\Arduino\My Examples\persistence\persistence.vcxproj", "{41AA9533-44C7-4C31-AE17-AF58962CC7C6}"
EndProject
Project("{8BC9CEB8-8B4A-11D0-8D11-00A0C91BC942}") = "twitter", "..\..\..\..\OneDrive - KORM_ENZ\Документи\Arduino\My Examples\twitter\twitter.vcxproj", "{455D2952-76EF-45AA-9347-F8692C31A711}"
EndProject
Project("{8BC9CEB8-8B4A-11D0-8D11-00A0C91BC942}") = "JeeUdp", "..\..\..\..\OneDrive - KORM_ENZ\Документи\Arduino\My Examples\JeeUdp\JeeUdp.vcxproj", "{5088AC87-9F7D-4FE6-A474-837A3D62BF97}"
EndProject
Project("{8BC9CEB8-8B4A-11D0-8D11-00A0C91BC942}") = "TcpClient", "..\..\..\..\OneDrive - KORM_ENZ\Документи\Arduino\My Examples\TcpClient\TcpClient.vcxproj", "{F17F02A5-51F1-4685-A82C-CE60EA60798A}"
EndProject
Project("{8BC9CEB8-8B4A-11D0-8D11-00A0C91BC942}") = "WifiWithoutBuff", "WifiWithoutBuff\WifiWithoutBuff.vcxproj", "{DBB28540-6FD7-4115-8E97-6654B7F18C08}"
EndProject
Project("{8BC9CEB8-8B4A-11D0-8D11-00A0C91BC942}") = "NanoWithoutAccelerometer", "NanoWithoutAccelerometer\NanoWithoutAccelerometer.vcxproj", "{DD23704C-E4EA-45B6-90DE-F11D4EA1AE4C}"
EndProject
Project("{8BC9CEB8-8B4A-11D0-8D11-00A0C91BC942}") = "Prodaction ESP-01S", "Prodaction ESP-01S\Prodaction ESP-01S.vcxproj", "{D16F476F-BB3C-4BBD-B428-3B7FB041358B}"
EndProject
Project("{8BC9CEB8-8B4A-11D0-8D11-00A0C91BC942}") = "Prodaction Arduino Nano 328p", "Prodaction Arduino Nano 328p\Prodaction Arduino Nano 328p.vcxproj", "{8C5DFC11-CA0C-49D9-B59D-3C176020BED5}"
EndProject
Global
	GlobalSection(SolutionConfigurationPlatforms) = preSolution
		Debug|Any CPU = Debug|Any CPU
		Debug|x86 = Debug|x86
		Release|Any CPU = Release|Any CPU
		Release|x86 = Release|x86
	EndGlobalSection
	GlobalSection(ProjectConfigurationPlatforms) = postSolution
		{C5F80730-F44F-4478-BDAE-6634EFC2CA88}.Debug|Any CPU.ActiveCfg = Debug|Win32
		{C5F80730-F44F-4478-BDAE-6634EFC2CA88}.Debug|Any CPU.Build.0 = Debug|Win32
		{C5F80730-F44F-4478-BDAE-6634EFC2CA88}.Debug|x86.ActiveCfg = Debug|Win32
		{C5F80730-F44F-4478-BDAE-6634EFC2CA88}.Debug|x86.Build.0 = Debug|Win32
		{C5F80730-F44F-4478-BDAE-6634EFC2CA88}.Release|Any CPU.ActiveCfg = Release|Win32
		{C5F80730-F44F-4478-BDAE-6634EFC2CA88}.Release|Any CPU.Build.0 = Release|Win32
		{C5F80730-F44F-4478-BDAE-6634EFC2CA88}.Release|x86.ActiveCfg = Release|Win32
		{C5F80730-F44F-4478-BDAE-6634EFC2CA88}.Release|x86.Build.0 = Release|Win32
		{40D16993-5E3E-4C11-952B-1759AF73025B}.Debug|Any CPU.ActiveCfg = Debug|Win32
		{40D16993-5E3E-4C11-952B-1759AF73025B}.Debug|Any CPU.Build.0 = Debug|Win32
		{40D16993-5E3E-4C11-952B-1759AF73025B}.Debug|x86.ActiveCfg = Debug|Win32
		{40D16993-5E3E-4C11-952B-1759AF73025B}.Debug|x86.Build.0 = Debug|Win32
		{40D16993-5E3E-4C11-952B-1759AF73025B}.Release|Any CPU.ActiveCfg = Release|Win32
		{40D16993-5E3E-4C11-952B-1759AF73025B}.Release|Any CPU.Build.0 = Release|Win32
		{40D16993-5E3E-4C11-952B-1759AF73025B}.Release|x86.ActiveCfg = Release|Win32
		{40D16993-5E3E-4C11-952B-1759AF73025B}.Release|x86.Build.0 = Release|Win32
		{DDBFA2AB-B2F9-4628-9180-E2374F825A38}.Debug|Any CPU.ActiveCfg = Debug|Win32
		{DDBFA2AB-B2F9-4628-9180-E2374F825A38}.Debug|Any CPU.Build.0 = Debug|Win32
		{DDBFA2AB-B2F9-4628-9180-E2374F825A38}.Debug|x86.ActiveCfg = Debug|Win32
		{DDBFA2AB-B2F9-4628-9180-E2374F825A38}.Debug|x86.Build.0 = Debug|Win32
		{DDBFA2AB-B2F9-4628-9180-E2374F825A38}.Release|Any CPU.ActiveCfg = Release|Win32
		{DDBFA2AB-B2F9-4628-9180-E2374F825A38}.Release|Any CPU.Build.0 = Release|Win32
		{DDBFA2AB-B2F9-4628-9180-E2374F825A38}.Release|x86.ActiveCfg = Release|Win32
		{DDBFA2AB-B2F9-4628-9180-E2374F825A38}.Release|x86.Build.0 = Release|Win32
		{091178B7-CEC2-4FCC-930B-4E815B56701C}.Debug|Any CPU.ActiveCfg = Debug|Win32
		{091178B7-CEC2-4FCC-930B-4E815B56701C}.Debug|Any CPU.Build.0 = Debug|Win32
		{091178B7-CEC2-4FCC-930B-4E815B56701C}.Debug|x86.ActiveCfg = Debug|Win32
		{091178B7-CEC2-4FCC-930B-4E815B56701C}.Debug|x86.Build.0 = Debug|Win32
		{091178B7-CEC2-4FCC-930B-4E815B56701C}.Release|Any CPU.ActiveCfg = Release|Win32
		{091178B7-CEC2-4FCC-930B-4E815B56701C}.Release|Any CPU.Build.0 = Release|Win32
		{091178B7-CEC2-4FCC-930B-4E815B56701C}.Release|x86.ActiveCfg = Release|Win32
		{091178B7-CEC2-4FCC-930B-4E815B56701C}.Release|x86.Build.0 = Release|Win32
		{77E27789-E25B-4092-8616-B9A334527355}.Debug|Any CPU.ActiveCfg = Debug|Win32
		{77E27789-E25B-4092-8616-B9A334527355}.Debug|Any CPU.Build.0 = Debug|Win32
		{77E27789-E25B-4092-8616-B9A334527355}.Debug|x86.ActiveCfg = Debug|Win32
		{77E27789-E25B-4092-8616-B9A334527355}.Debug|x86.Build.0 = Debug|Win32
		{77E27789-E25B-4092-8616-B9A334527355}.Release|Any CPU.ActiveCfg = Release|Win32
		{77E27789-E25B-4092-8616-B9A334527355}.Release|Any CPU.Build.0 = Release|Win32
		{77E27789-E25B-4092-8616-B9A334527355}.Release|x86.ActiveCfg = Release|Win32
		{77E27789-E25B-4092-8616-B9A334527355}.Release|x86.Build.0 = Release|Win32
		{7351265B-5E57-49A2-BD83-FA6F6067FC2E}.Debug|Any CPU.ActiveCfg = Debug|Win32
		{7351265B-5E57-49A2-BD83-FA6F6067FC2E}.Debug|Any CPU.Build.0 = Debug|Win32
		{7351265B-5E57-49A2-BD83-FA6F6067FC2E}.Debug|x86.ActiveCfg = Debug|Win32
		{7351265B-5E57-49A2-BD83-FA6F6067FC2E}.Debug|x86.Build.0 = Debug|Win32
		{7351265B-5E57-49A2-BD83-FA6F6067FC2E}.Release|Any CPU.ActiveCfg = Release|Win32
		{7351265B-5E57-49A2-BD83-FA6F6067FC2E}.Release|Any CPU.Build.0 = Release|Win32
		{7351265B-5E57-49A2-BD83-FA6F6067FC2E}.Release|x86.ActiveCfg = Release|Win32
		{7351265B-5E57-49A2-BD83-FA6F6067FC2E}.Release|x86.Build.0 = Release|Win32
		{26325B10-1300-427A-ACA9-60633B98963D}.Debug|Any CPU.ActiveCfg = Debug|Win32
		{26325B10-1300-427A-ACA9-60633B98963D}.Debug|Any CPU.Build.0 = Debug|Win32
		{26325B10-1300-427A-ACA9-60633B98963D}.Debug|x86.ActiveCfg = Debug|Win32
		{26325B10-1300-427A-ACA9-60633B98963D}.Debug|x86.Build.0 = Debug|Win32
		{26325B10-1300-427A-ACA9-60633B98963D}.Release|Any CPU.ActiveCfg = Release|Win32
		{26325B10-1300-427A-ACA9-60633B98963D}.Release|Any CPU.Build.0 = Release|Win32
		{26325B10-1300-427A-ACA9-60633B98963D}.Release|x86.ActiveCfg = Release|Win32
		{26325B10-1300-427A-ACA9-60633B98963D}.Release|x86.Build.0 = Release|Win32
		{E15D363F-3F0B-4C59-962B-A80B5761AE3D}.Debug|Any CPU.ActiveCfg = Debug|Win32
		{E15D363F-3F0B-4C59-962B-A80B5761AE3D}.Debug|Any CPU.Build.0 = Debug|Win32
		{E15D363F-3F0B-4C59-962B-A80B5761AE3D}.Debug|x86.ActiveCfg = Debug|Win32
		{E15D363F-3F0B-4C59-962B-A80B5761AE3D}.Debug|x86.Build.0 = Debug|Win32
		{E15D363F-3F0B-4C59-962B-A80B5761AE3D}.Release|Any CPU.ActiveCfg = Release|Win32
		{E15D363F-3F0B-4C59-962B-A80B5761AE3D}.Release|Any CPU.Build.0 = Release|Win32
		{E15D363F-3F0B-4C59-962B-A80B5761AE3D}.Release|x86.ActiveCfg = Release|Win32
		{E15D363F-3F0B-4C59-962B-A80B5761AE3D}.Release|x86.Build.0 = Release|Win32
		{3A6B6F23-77C2-4E61-BF49-6314004AA23E}.Debug|Any CPU.ActiveCfg = Debug|Win32
		{3A6B6F23-77C2-4E61-BF49-6314004AA23E}.Debug|Any CPU.Build.0 = Debug|Win32
		{3A6B6F23-77C2-4E61-BF49-6314004AA23E}.Debug|x86.ActiveCfg = Debug|Win32
		{3A6B6F23-77C2-4E61-BF49-6314004AA23E}.Debug|x86.Build.0 = Debug|Win32
		{3A6B6F23-77C2-4E61-BF49-6314004AA23E}.Release|Any CPU.ActiveCfg = Release|Win32
		{3A6B6F23-77C2-4E61-BF49-6314004AA23E}.Release|Any CPU.Build.0 = Release|Win32
		{3A6B6F23-77C2-4E61-BF49-6314004AA23E}.Release|x86.ActiveCfg = Release|Win32
		{3A6B6F23-77C2-4E61-BF49-6314004AA23E}.Release|x86.Build.0 = Release|Win32
		{41AA9533-44C7-4C31-AE17-AF58962CC7C6}.Debug|Any CPU.ActiveCfg = Debug|Win32
		{41AA9533-44C7-4C31-AE17-AF58962CC7C6}.Debug|Any CPU.Build.0 = Debug|Win32
		{41AA9533-44C7-4C31-AE17-AF58962CC7C6}.Debug|x86.ActiveCfg = Debug|Win32
		{41AA9533-44C7-4C31-AE17-AF58962CC7C6}.Debug|x86.Build.0 = Debug|Win32
		{41AA9533-44C7-4C31-AE17-AF58962CC7C6}.Release|Any CPU.ActiveCfg = Release|Win32
		{41AA9533-44C7-4C31-AE17-AF58962CC7C6}.Release|Any CPU.Build.0 = Release|Win32
		{41AA9533-44C7-4C31-AE17-AF58962CC7C6}.Release|x86.ActiveCfg = Release|Win32
		{41AA9533-44C7-4C31-AE17-AF58962CC7C6}.Release|x86.Build.0 = Release|Win32
		{455D2952-76EF-45AA-9347-F8692C31A711}.Debug|Any CPU.ActiveCfg = Debug|Win32
		{455D2952-76EF-45AA-9347-F8692C31A711}.Debug|Any CPU.Build.0 = Debug|Win32
		{455D2952-76EF-45AA-9347-F8692C31A711}.Debug|x86.ActiveCfg = Debug|Win32
		{455D2952-76EF-45AA-9347-F8692C31A711}.Debug|x86.Build.0 = Debug|Win32
		{455D2952-76EF-45AA-9347-F8692C31A711}.Release|Any CPU.ActiveCfg = Release|Win32
		{455D2952-76EF-45AA-9347-F8692C31A711}.Release|Any CPU.Build.0 = Release|Win32
		{455D2952-76EF-45AA-9347-F8692C31A711}.Release|x86.ActiveCfg = Release|Win32
		{455D2952-76EF-45AA-9347-F8692C31A711}.Release|x86.Build.0 = Release|Win32
		{5088AC87-9F7D-4FE6-A474-837A3D62BF97}.Debug|Any CPU.ActiveCfg = Debug|Win32
		{5088AC87-9F7D-4FE6-A474-837A3D62BF97}.Debug|Any CPU.Build.0 = Debug|Win32
		{5088AC87-9F7D-4FE6-A474-837A3D62BF97}.Debug|x86.ActiveCfg = Debug|Win32
		{5088AC87-9F7D-4FE6-A474-837A3D62BF97}.Debug|x86.Build.0 = Debug|Win32
		{5088AC87-9F7D-4FE6-A474-837A3D62BF97}.Release|Any CPU.ActiveCfg = Release|Win32
		{5088AC87-9F7D-4FE6-A474-837A3D62BF97}.Release|Any CPU.Build.0 = Release|Win32
		{5088AC87-9F7D-4FE6-A474-837A3D62BF97}.Release|x86.ActiveCfg = Release|Win32
		{5088AC87-9F7D-4FE6-A474-837A3D62BF97}.Release|x86.Build.0 = Release|Win32
		{F17F02A5-51F1-4685-A82C-CE60EA60798A}.Debug|Any CPU.ActiveCfg = Debug|Win32
		{F17F02A5-51F1-4685-A82C-CE60EA60798A}.Debug|Any CPU.Build.0 = Debug|Win32
		{F17F02A5-51F1-4685-A82C-CE60EA60798A}.Debug|x86.ActiveCfg = Debug|Win32
		{F17F02A5-51F1-4685-A82C-CE60EA60798A}.Debug|x86.Build.0 = Debug|Win32
		{F17F02A5-51F1-4685-A82C-CE60EA60798A}.Release|Any CPU.ActiveCfg = Release|Win32
		{F17F02A5-51F1-4685-A82C-CE60EA60798A}.Release|Any CPU.Build.0 = Release|Win32
		{F17F02A5-51F1-4685-A82C-CE60EA60798A}.Release|x86.ActiveCfg = Release|Win32
		{F17F02A5-51F1-4685-A82C-CE60EA60798A}.Release|x86.Build.0 = Release|Win32
		{DBB28540-6FD7-4115-8E97-6654B7F18C08}.Debug|Any CPU.ActiveCfg = Debug|Win32
		{DBB28540-6FD7-4115-8E97-6654B7F18C08}.Debug|Any CPU.Build.0 = Debug|Win32
		{DBB28540-6FD7-4115-8E97-6654B7F18C08}.Debug|x86.ActiveCfg = Debug|Win32
		{DBB28540-6FD7-4115-8E97-6654B7F18C08}.Debug|x86.Build.0 = Debug|Win32
		{DBB28540-6FD7-4115-8E97-6654B7F18C08}.Release|Any CPU.ActiveCfg = Release|Win32
		{DBB28540-6FD7-4115-8E97-6654B7F18C08}.Release|Any CPU.Build.0 = Release|Win32
		{DBB28540-6FD7-4115-8E97-6654B7F18C08}.Release|x86.ActiveCfg = Release|Win32
		{DBB28540-6FD7-4115-8E97-6654B7F18C08}.Release|x86.Build.0 = Release|Win32
		{DD23704C-E4EA-45B6-90DE-F11D4EA1AE4C}.Debug|Any CPU.ActiveCfg = Debug|Win32
		{DD23704C-E4EA-45B6-90DE-F11D4EA1AE4C}.Debug|Any CPU.Build.0 = Debug|Win32
		{DD23704C-E4EA-45B6-90DE-F11D4EA1AE4C}.Debug|x86.ActiveCfg = Debug|Win32
		{DD23704C-E4EA-45B6-90DE-F11D4EA1AE4C}.Debug|x86.Build.0 = Debug|Win32
		{DD23704C-E4EA-45B6-90DE-F11D4EA1AE4C}.Release|Any CPU.ActiveCfg = Release|Win32
		{DD23704C-E4EA-45B6-90DE-F11D4EA1AE4C}.Release|Any CPU.Build.0 = Release|Win32
		{DD23704C-E4EA-45B6-90DE-F11D4EA1AE4C}.Release|x86.ActiveCfg = Release|Win32
		{DD23704C-E4EA-45B6-90DE-F11D4EA1AE4C}.Release|x86.Build.0 = Release|Win32
		{D16F476F-BB3C-4BBD-B428-3B7FB041358B}.Debug|Any CPU.ActiveCfg = Debug|Win32
		{D16F476F-BB3C-4BBD-B428-3B7FB041358B}.Debug|Any CPU.Build.0 = Debug|Win32
		{D16F476F-BB3C-4BBD-B428-3B7FB041358B}.Debug|x86.ActiveCfg = Debug|Win32
		{D16F476F-BB3C-4BBD-B428-3B7FB041358B}.Debug|x86.Build.0 = Debug|Win32
		{D16F476F-BB3C-4BBD-B428-3B7FB041358B}.Release|Any CPU.ActiveCfg = Release|Win32
		{D16F476F-BB3C-4BBD-B428-3B7FB041358B}.Release|Any CPU.Build.0 = Release|Win32
		{D16F476F-BB3C-4BBD-B428-3B7FB041358B}.Release|x86.ActiveCfg = Release|Win32
		{D16F476F-BB3C-4BBD-B428-3B7FB041358B}.Release|x86.Build.0 = Release|Win32
		{8C5DFC11-CA0C-49D9-B59D-3C176020BED5}.Debug|Any CPU.ActiveCfg = Debug|Win32
		{8C5DFC11-CA0C-49D9-B59D-3C176020BED5}.Debug|Any CPU.Build.0 = Debug|Win32
		{8C5DFC11-CA0C-49D9-B59D-3C176020BED5}.Debug|x86.ActiveCfg = Debug|Win32
		{8C5DFC11-CA0C-49D9-B59D-3C176020BED5}.Debug|x86.Build.0 = Debug|Win32
		{8C5DFC11-CA0C-49D9-B59D-3C176020BED5}.Release|Any CPU.ActiveCfg = Release|Win32
		{8C5DFC11-CA0C-49D9-B59D-3C176020BED5}.Release|Any CPU.Build.0 = Release|Win32
		{8C5DFC11-CA0C-49D9-B59D-3C176020BED5}.Release|x86.ActiveCfg = Release|Win32
		{8C5DFC11-CA0C-49D9-B59D-3C176020BED5}.Release|x86.Build.0 = Release|Win32
	EndGlobalSection
	GlobalSection(SolutionProperties) = preSolution
		HideSolutionNode = FALSE
	EndGlobalSection
	GlobalSection(ExtensibilityGlobals) = postSolution
		SolutionGuid = {E507850E-F466-4D1C-AA53-44FAD11C4B2D}
	EndGlobalSection
EndGlobal
